
Microsoft Visual Studio Solution File, Format Version 12.00
# Visual Studio Version 17
VisualStudioVersion = 17.9.34622.214
MinimumVisualStudioVersion = 10.0.40219.1
Project("{9A19103F-16F7-4668-BE54-9A1E7A4F7556}") = "Printer", "Printer\Printer.csproj", "{308A9F79-0E54-49C1-9BA4-5F53603EC767}"
EndProject
Project("{9A19103F-16F7-4668-BE54-9A1E7A4F7556}") = "SFML.Audio", "SFML.Net-2.5.1\src\SFML.Audio\SFML.Audio.csproj", "{B332C168-ACDB-4E8D-BCF9-67FD99652451}"
EndProject
Project("{9A19103F-16F7-4668-BE54-9A1E7A4F7556}") = "SFML.Graphics", "SFML.Net-2.5.1\src\SFML.Graphics\SFML.Graphics.csproj", "{DCF42368-2544-4E00-9663-211534FF612F}"
EndProject
Project("{9A19103F-16F7-4668-BE54-9A1E7A4F7556}") = "SFML.Net", "SFML.Net-2.5.1\src\SFML.Net\SFML.Net.csproj", "{0D3BD9D5-B49A-41E2-A75E-6684867C42ED}"
EndProject
Project("{9A19103F-16F7-4668-BE54-9A1E7A4F7556}") = "SFML.System", "SFML.Net-2.5.1\src\SFML.System\SFML.System.csproj", "{3093372C-81A4-4C9A-A5DF-E1C5F428002B}"
EndProject
Project("{9A19103F-16F7-4668-BE54-9A1E7A4F7556}") = "SFML.Window", "SFML.Net-2.5.1\src\SFML.Window\SFML.Window.csproj", "{ED0BE453-CA47-4AAE-B289-602F3C6DA765}"
EndProject
Project("{9A19103F-16F7-4668-BE54-9A1E7A4F7556}") = "SimpleTwoBallsPlaneCollisionSimulator", "SimpleTwoBallsPlaneCollisionSimulator\SimpleTwoBallsPlaneCollisionSimulator.csproj", "{16073F29-C513-4C47-8474-BB069857722C}"
EndProject
Project("{2150E333-8FDC-42A3-9474-1A3956D46DE8}") = "Solution Items", "Solution Items", "{64C0F284-CC9A-4EF0-8528-CCA3F52B5AF1}"
	ProjectSection(SolutionItems) = preProject
		.gitignore = .gitignore
	EndProjectSection
EndProject
Global
	GlobalSection(SolutionConfigurationPlatforms) = preSolution
		Debug|Any CPU = Debug|Any CPU
		Release|Any CPU = Release|Any CPU
	EndGlobalSection
	GlobalSection(ProjectConfigurationPlatforms) = postSolution
		{308A9F79-0E54-49C1-9BA4-5F53603EC767}.Debug|Any CPU.ActiveCfg = Debug|Any CPU
		{308A9F79-0E54-49C1-9BA4-5F53603EC767}.Debug|Any CPU.Build.0 = Debug|Any CPU
		{308A9F79-0E54-49C1-9BA4-5F53603EC767}.Release|Any CPU.ActiveCfg = Release|Any CPU
		{308A9F79-0E54-49C1-9BA4-5F53603EC767}.Release|Any CPU.Build.0 = Release|Any CPU
		{B332C168-ACDB-4E8D-BCF9-67FD99652451}.Debug|Any CPU.ActiveCfg = Debug|Any CPU
		{B332C168-ACDB-4E8D-BCF9-67FD99652451}.Debug|Any CPU.Build.0 = Debug|Any CPU
		{B332C168-ACDB-4E8D-BCF9-67FD99652451}.Release|Any CPU.ActiveCfg = Release|Any CPU
		{B332C168-ACDB-4E8D-BCF9-67FD99652451}.Release|Any CPU.Build.0 = Release|Any CPU
		{DCF42368-2544-4E00-9663-211534FF612F}.Debug|Any CPU.ActiveCfg = Debug|Any CPU
		{DCF42368-2544-4E00-9663-211534FF612F}.Debug|Any CPU.Build.0 = Debug|Any CPU
		{DCF42368-2544-4E00-9663-211534FF612F}.Release|Any CPU.ActiveCfg = Release|Any CPU
		{DCF42368-2544-4E00-9663-211534FF612F}.Release|Any CPU.Build.0 = Release|Any CPU
		{0D3BD9D5-B49A-41E2-A75E-6684867C42ED}.Debug|Any CPU.ActiveCfg = Debug|Any CPU
		{0D3BD9D5-B49A-41E2-A75E-6684867C42ED}.Debug|Any CPU.Build.0 = Debug|Any CPU
		{0D3BD9D5-B49A-41E2-A75E-6684867C42ED}.Release|Any CPU.ActiveCfg = Release|Any CPU
		{0D3BD9D5-B49A-41E2-A75E-6684867C42ED}.Release|Any CPU.Build.0 = Release|Any CPU
		{3093372C-81A4-4C9A-A5DF-E1C5F428002B}.Debug|Any CPU.ActiveCfg = Debug|Any CPU
		{3093372C-81A4-4C9A-A5DF-E1C5F428002B}.Debug|Any CPU.Build.0 = Debug|Any CPU
		{3093372C-81A4-4C9A-A5DF-E1C5F428002B}.Release|Any CPU.ActiveCfg = Release|Any CPU
		{3093372C-81A4-4C9A-A5DF-E1C5F428002B}.Release|Any CPU.Build.0 = Release|Any CPU
		{ED0BE453-CA47-4AAE-B289-602F3C6DA765}.Debug|Any CPU.ActiveCfg = Debug|Any CPU
		{ED0BE453-CA47-4AAE-B289-602F3C6DA765}.Debug|Any CPU.Build.0 = Debug|Any CPU
		{ED0BE453-CA47-4AAE-B289-602F3C6DA765}.Release|Any CPU.ActiveCfg = Release|Any CPU
		{ED0BE453-CA47-4AAE-B289-602F3C6DA765}.Release|Any CPU.Build.0 = Release|Any CPU
		{16073F29-C513-4C47-8474-BB069857722C}.Debug|Any CPU.ActiveCfg = Debug|Any CPU
		{16073F29-C513-4C47-8474-BB069857722C}.Debug|Any CPU.Build.0 = Debug|Any CPU
		{16073F29-C513-4C47-8474-BB069857722C}.Release|Any CPU.ActiveCfg = Release|Any CPU
		{16073F29-C513-4C47-8474-BB069857722C}.Release|Any CPU.Build.0 = Release|Any CPU
	EndGlobalSection
	GlobalSection(SolutionProperties) = preSolution
		HideSolutionNode = FALSE
	EndGlobalSection
	GlobalSection(ExtensibilityGlobals) = postSolution
		SolutionGuid = {4580C4A3-1DE6-42AE-A7A7-8C11CFC2203D}
	EndGlobalSection
EndGlobal
